{
  "name": "back-end",
  "lockfileVersion": 3,
  "requires": true,
  "packages": {
    "": {
      "dependencies": {
        "plp-final-project": "file:.."
      }
    },
    "..": {
      "name": "plp-final-project",
      "version": "1.0.0",
      "license": "ISC",
      "dependencies": {
        "cors": "^2.8.5",
        "dotenv": "^17.2.3",
        "express": "^5.1.0",
        "express-rate-limit": "^8.1.0",
        "helmet": "^8.1.0",
        "mongoose": "^8.19.2",
        "morgan": "^1.10.1",
        "plp-final-project": "file:.."
      },
      "devDependencies": {
        "concurrently": "^9.2.1",
        "nodemon": "^3.1.10"
      }
    },
    "node_modules/plp-final-project": {
      "resolved": "..",
      "link": true
    }
  }
}
